// !$*UTF8*$!
{
	archiveVersion = 1;
	classes = {
	};
	objectVersion = 55;
	objects = {

/* Begin PBXBuildFile section */
		F918D6722B307810008F0CA2 /* AppDelegate.swift in Sources */ = {isa = PBXBuildFile; fileRef = F918D6712B307810008F0CA2 /* AppDelegate.swift */; };
		F918D6742B307810008F0CA2 /* SceneDelegate.swift in Sources */ = {isa = PBXBuildFile; fileRef = F918D6732B307810008F0CA2 /* SceneDelegate.swift */; };
		F918D6762B307810008F0CA2 /* ViewController.swift in Sources */ = {isa = PBXBuildFile; fileRef = F918D6752B307810008F0CA2 /* ViewController.swift */; };
		F918D6792B307810008F0CA2 /* Main.storyboard in Resources */ = {isa = PBXBuildFile; fileRef = F918D6772B307810008F0CA2 /* Main.storyboard */; };
		F918D67B2B307812008F0CA2 /* Assets.xcassets in Resources */ = {isa = PBXBuildFile; fileRef = F918D67A2B307812008F0CA2 /* Assets.xcassets */; };
		F918D67E2B307812008F0CA2 /* LaunchScreen.storyboard in Resources */ = {isa = PBXBuildFile; fileRef = F918D67C2B307812008F0CA2 /* LaunchScreen.storyboard */; };
		F918D6892B307812008F0CA2 /* TestTests.swift in Sources */ = {isa = PBXBuildFile; fileRef = F918D6882B307812008F0CA2 /* TestTests.swift */; };
		F918D6932B307812008F0CA2 /* TestUITests.swift in Sources */ = {isa = PBXBuildFile; fileRef = F918D6922B307812008F0CA2 /* TestUITests.swift */; };
		F918D6952B307812008F0CA2 /* TestUITestsLaunchTests.swift in Sources */ = {isa = PBXBuildFile; fileRef = F918D6942B307812008F0CA2 /* TestUITestsLaunchTests.swift */; };
		F918D6A22B30787B008F0CA2 /* MathStuff.swift in Sources */ = {isa = PBXBuildFile; fileRef = F918D6A12B30787B008F0CA2 /* MathStuff.swift */; };
		F918D6A42B307DC1008F0CA2 /* AmountCalculator.swift in Sources */ = {isa = PBXBuildFile; fileRef = F918D6A32B307DC1008F0CA2 /* AmountCalculator.swift */; };
/* End PBXBuildFile section */

/* Begin PBXContainerItemProxy section */
		F918D6852B307812008F0CA2 /* PBXContainerItemProxy */ = {
			isa = PBXContainerItemProxy;
			containerPortal = F918D6662B307810008F0CA2 /* Project object */;
			proxyType = 1;
			remoteGlobalIDString = F918D66D2B307810008F0CA2;
			remoteInfo = Test;
		};
		F918D68F2B307812008F0CA2 /* PBXContainerItemProxy */ = {
			isa = PBXContainerItemProxy;
			containerPortal = F918D6662B307810008F0CA2 /* Project object */;
			proxyType = 1;
			remoteGlobalIDString = F918D66D2B307810008F0CA2;
			remoteInfo = Test;
		};
/* End PBXContainerItemProxy section */

/* Begin PBXFileReference section */
		F918D66E2B307810008F0CA2 /* Test.app */ = {isa = PBXFileReference; explicitFileType = wrapper.application; includeInIndex = 0; path = Test.app; sourceTree = BUILT_PRODUCTS_DIR; };
		F918D6712B307810008F0CA2 /* AppDelegate.swift */ = {isa = PBXFileReference; lastKnownFileType = sourcecode.swift; path = AppDelegate.swift; sourceTree = "<group>"; };
		F918D6732B307810008F0CA2 /* SceneDelegate.swift */ = {isa = PBXFileReference; lastKnownFileType = sourcecode.swift; path = SceneDelegate.swift; sourceTree = "<group>"; };
		F918D6752B307810008F0CA2 /* ViewController.swift */ = {isa = PBXFileReference; lastKnownFileType = sourcecode.swift; path = ViewController.swift; sourceTree = "<group>"; };
		F918D6782B307810008F0CA2 /* Base */ = {isa = PBXFileReference; lastKnownFileType = file.storyboard; name = Base; path = Base.lproj/Main.storyboard; sourceTree = "<group>"; };
		F918D67A2B307812008F0CA2 /* Assets.xcassets */ = {isa = PBXFileReference; lastKnownFileType = folder.assetcatalog; path = Assets.xcassets; sourceTree = "<group>"; };
		F918D67D2B307812008F0CA2 /* Base */ = {isa = PBXFileReference; lastKnownFileType = file.storyboard; name = Base; path = Base.lproj/LaunchScreen.storyboard; sourceTree = "<group>"; };
		F918D67F2B307812008F0CA2 /* Info.plist */ = {isa = PBXFileReference; lastKnownFileType = text.plist.xml; path = Info.plist; sourceTree = "<group>"; };
		F918D6842B307812008F0CA2 /* TestTests.xctest */ = {isa = PBXFileReference; explicitFileType = wrapper.cfbundle; includeInIndex = 0; path = TestTests.xctest; sourceTree = BUILT_PRODUCTS_DIR; };
		F918D6882B307812008F0CA2 /* TestTests.swift */ = {isa = PBXFileReference; lastKnownFileType = sourcecode.swift; path = TestTests.swift; sourceTree = "<group>"; };
		F918D68E2B307812008F0CA2 /* TestUITests.xctest */ = {isa = PBXFileReference; explicitFileType = wrapper.cfbundle; includeInIndex = 0; path = TestUITests.xctest; sourceTree = BUILT_PRODUCTS_DIR; };
		F918D6922B307812008F0CA2 /* TestUITests.swift */ = {isa = PBXFileReference; lastKnownFileType = sourcecode.swift; path = TestUITests.swift; sourceTree = "<group>"; };
		F918D6942B307812008F0CA2 /* TestUITestsLaunchTests.swift */ = {isa = PBXFileReference; lastKnownFileType = sourcecode.swift; path = TestUITestsLaunchTests.swift; sourceTree = "<group>"; };
		F918D6A12B30787B008F0CA2 /* MathStuff.swift */ = {isa = PBXFileReference; lastKnownFileType = sourcecode.swift; path = MathStuff.swift; sourceTree = "<group>"; };
		F918D6A32B307DC1008F0CA2 /* AmountCalculator.swift */ = {isa = PBXFileReference; lastKnownFileType = sourcecode.swift; path = AmountCalculator.swift; sourceTree = "<group>"; };
/* End PBXFileReference section */

/* Begin PBXFrameworksBuildPhase section */
		F918D66B2B307810008F0CA2 /* Frameworks */ = {
			isa = PBXFrameworksBuildPhase;
			buildActionMask = 2147483647;
			files = (
			);
			runOnlyForDeploymentPostprocessing = 0;
		};
		F918D6812B307812008F0CA2 /* Frameworks */ = {
			isa = PBXFrameworksBuildPhase;
			buildActionMask = 2147483647;
			files = (
			);
			runOnlyForDeploymentPostprocessing = 0;
		};
		F918D68B2B307812008F0CA2 /* Frameworks */ = {
			isa = PBXFrameworksBuildPhase;
			buildActionMask = 2147483647;
			files = (
			);
			runOnlyForDeploymentPostprocessing = 0;
		};
/* End PBXFrameworksBuildPhase section */

/* Begin PBXGroup section */
		F918D6652B307810008F0CA2 = {
			isa = PBXGroup;
			children = (
				F918D6702B307810008F0CA2 /* Test */,
				F918D6872B307812008F0CA2 /* TestTests */,
				F918D6912B307812008F0CA2 /* TestUITests */,
				F918D66F2B307810008F0CA2 /* Products */,
			);
			sourceTree = "<group>";
		};
		F918D66F2B307810008F0CA2 /* Products */ = {
			isa = PBXGroup;
			children = (
				F918D66E2B307810008F0CA2 /* Test.app */,
				F918D6842B307812008F0CA2 /* TestTests.xctest */,
				F918D68E2B307812008F0CA2 /* TestUITests.xctest */,
			);
			name = Products;
			sourceTree = "<group>";
		};
		F918D6702B307810008F0CA2 /* Test */ = {
			isa = PBXGroup;
			children = (
				F918D6712B307810008F0CA2 /* AppDelegate.swift */,
				F918D6732B307810008F0CA2 /* SceneDelegate.swift */,
				F918D6752B307810008F0CA2 /* ViewController.swift */,
				F918D6772B307810008F0CA2 /* Main.storyboard */,
				F918D67A2B307812008F0CA2 /* Assets.xcassets */,
				F918D67C2B307812008F0CA2 /* LaunchScreen.storyboard */,
				F918D67F2B307812008F0CA2 /* Info.plist */,
				F918D6A12B30787B008F0CA2 /* MathStuff.swift */,
				F918D6A32B307DC1008F0CA2 /* AmountCalculator.swift */,
			);
			path = Test;
			sourceTree = "<group>";
		};
		F918D6872B307812008F0CA2 /* TestTests */ = {
			isa = PBXGroup;
			children = (
				F918D6882B307812008F0CA2 /* TestTests.swift */,
			);
			path = TestTests;
			sourceTree = "<group>";
		};
		F918D6912B307812008F0CA2 /* TestUITests */ = {
			isa = PBXGroup;
			children = (
				F918D6922B307812008F0CA2 /* TestUITests.swift */,
				F918D6942B307812008F0CA2 /* TestUITestsLaunchTests.swift */,
			);
			path = TestUITests;
			sourceTree = "<group>";
		};
/* End PBXGroup section */

/* Begin PBXNativeTarget section */
		F918D66D2B307810008F0CA2 /* Test */ = {
			isa = PBXNativeTarget;
			buildConfigurationList = F918D6982B307812008F0CA2 /* Build configuration list for PBXNativeTarget "Test" */;
			buildPhases = (
				F918D66A2B307810008F0CA2 /* Sources */,
				F918D66B2B307810008F0CA2 /* Frameworks */,
				F918D66C2B307810008F0CA2 /* Resources */,
			);
			buildRules = (
			);
			dependencies = (
			);
			name = Test;
			productName = Test;
			productReference = F918D66E2B307810008F0CA2 /* Test.app */;
			productType = "com.apple.product-type.application";
		};
		F918D6832B307812008F0CA2 /* TestTests */ = {
			isa = PBXNativeTarget;
			buildConfigurationList = F918D69B2B307812008F0CA2 /* Build configuration list for PBXNativeTarget "TestTests" */;
			buildPhases = (
				F918D6802B307812008F0CA2 /* Sources */,
				F918D6812B307812008F0CA2 /* Frameworks */,
				F918D6822B307812008F0CA2 /* Resources */,
			);
			buildRules = (
			);
			dependencies = (
				F918D6862B307812008F0CA2 /* PBXTargetDependency */,
			);
			name = TestTests;
			productName = TestTests;
			productReference = F918D6842B307812008F0CA2 /* TestTests.xctest */;
			productType = "com.apple.product-type.bundle.unit-test";
		};
		F918D68D2B307812008F0CA2 /* TestUITests */ = {
			isa = PBXNativeTarget;
			buildConfigurationList = F918D69E2B307812008F0CA2 /* Build configuration list for PBXNativeTarget "TestUITests" */;
			buildPhases = (
				F918D68A2B307812008F0CA2 /* Sources */,
				F918D68B2B307812008F0CA2 /* Frameworks */,
				F918D68C2B307812008F0CA2 /* Resources */,
			);
			buildRules = (
			);
			dependencies = (
				F918D6902B307812008F0CA2 /* PBXTargetDependency */,
			);
			name = TestUITests;
			productName = TestUITests;
			productReference = F918D68E2B307812008F0CA2 /* TestUITests.xctest */;
			productType = "com.apple.product-type.bundle.ui-testing";
		};
/* End PBXNativeTarget section */

/* Begin PBXProject section */
		F918D6662B307810008F0CA2 /* Project object */ = {
			isa = PBXProject;
			attributes = {
				BuildIndependentTargetsInParallel = 1;
				LastSwiftUpdateCheck = 1310;
				LastUpgradeCheck = 1310;
				TargetAttributes = {
					F918D66D2B307810008F0CA2 = {
						CreatedOnToolsVersion = 13.1;
					};
					F918D6832B307812008F0CA2 = {
						CreatedOnToolsVersion = 13.1;
						TestTargetID = F918D66D2B307810008F0CA2;
					};
					F918D68D2B307812008F0CA2 = {
						CreatedOnToolsVersion = 13.1;
						TestTargetID = F918D66D2B307810008F0CA2;
					};
				};
			};
			buildConfigurationList = F918D6692B307810008F0CA2 /* Build configuration list for PBXProject "Test" */;
			compatibilityVersion = "Xcode 13.0";
			developmentRegion = en;
			hasScannedForEncodings = 0;
			knownRegions = (
				en,
				Base,
			);
			mainGroup = F918D6652B307810008F0CA2;
			productRefGroup = F918D66F2B307810008F0CA2 /* Products */;
			projectDirPath = "";
			projectRoot = "";
			targets = (
				F918D66D2B307810008F0CA2 /* Test */,
				F918D6832B307812008F0CA2 /* TestTests */,
				F918D68D2B307812008F0CA2 /* TestUITests */,
			);
		};
/* End PBXProject section */

/* Begin PBXResourcesBuildPhase section */
		F918D66C2B307810008F0CA2 /* Resources */ = {
			isa = PBXResourcesBuildPhase;
			buildActionMask = 2147483647;
			files = (
				F918D67E2B307812008F0CA2 /* LaunchScreen.storyboard in Resources */,
				F918D67B2B307812008F0CA2 /* Assets.xcassets in Resources */,
				F918D6792B307810008F0CA2 /* Main.storyboard in Resources */,
			);
			runOnlyForDeploymentPostprocessing = 0;
		};
		F918D6822B307812008F0CA2 /* Resources */ = {
			isa = PBXResourcesBuildPhase;
			buildActionMask = 2147483647;
			files = (
			);
			runOnlyForDeploymentPostprocessing = 0;
		};
		F918D68C2B307812008F0CA2 /* Resources */ = {
			isa = PBXResourcesBuildPhase;
			buildActionMask = 2147483647;
			files = (
			);
			runOnlyForDeploymentPostprocessing = 0;
		};
/* End PBXResourcesBuildPhase section */

/* Begin PBXSourcesBuildPhase section */
		F918D66A2B307810008F0CA2 /* Sources */ = {
			isa = PBXSourcesBuildPhase;
			buildActionMask = 2147483647;
			files = (
				F918D6A22B30787B008F0CA2 /* MathStuff.swift in Sources */,
				F918D6A42B307DC1008F0CA2 /* AmountCalculator.swift in Sources */,
				F918D6762B307810008F0CA2 /* ViewController.swift in Sources */,
				F918D6722B307810008F0CA2 /* AppDelegate.swift in Sources */,
				F918D6742B307810008F0CA2 /* SceneDelegate.swift in Sources */,
			);
			runOnlyForDeploymentPostprocessing = 0;
		};
		F918D6802B307812008F0CA2 /* Sources */ = {
			isa = PBXSourcesBuildPhase;
			buildActionMask = 2147483647;
			files = (
				F918D6892B307812008F0CA2 /* TestTests.swift in Sources */,
			);
			runOnlyForDeploymentPostprocessing = 0;
		};
		F918D68A2B307812008F0CA2 /* Sources */ = {
			isa = PBXSourcesBuildPhase;
			buildActionMask = 2147483647;
			files = (
				F918D6952B307812008F0CA2 /* TestUITestsLaunchTests.swift in Sources */,
				F918D6932B307812008F0CA2 /* TestUITests.swift in Sources */,
			);
			runOnlyForDeploymentPostprocessing = 0;
		};
/* End PBXSourcesBuildPhase section */

/* Begin PBXTargetDependency section */
		F918D6862B307812008F0CA2 /* PBXTargetDependency */ = {
			isa = PBXTargetDependency;
			target = F918D66D2B307810008F0CA2 /* Test */;
			targetProxy = F918D6852B307812008F0CA2 /* PBXContainerItemProxy */;
		};
		F918D6902B307812008F0CA2 /* PBXTargetDependency */ = {
			isa = PBXTargetDependency;
			target = F918D66D2B307810008F0CA2 /* Test */;
			targetProxy = F918D68F2B307812008F0CA2 /* PBXContainerItemProxy */;
		};
/* End PBXTargetDependency section */

/* Begin PBXVariantGroup section */
		F918D6772B307810008F0CA2 /* Main.storyboard */ = {
			isa = PBXVariantGroup;
			children = (
				F918D6782B307810008F0CA2 /* Base */,
			);
			name = Main.storyboard;
			sourceTree = "<group>";
		};
		F918D67C2B307812008F0CA2 /* LaunchScreen.storyboard */ = {
			isa = PBXVariantGroup;
			children = (
				F918D67D2B307812008F0CA2 /* Base */,
			);
			name = LaunchScreen.storyboard;
			sourceTree = "<group>";
		};
/* End PBXVariantGroup section */

/* Begin XCBuildConfiguration section */
		F918D6962B307812008F0CA2 /* Debug */ = {
			isa = XCBuildConfiguration;
			buildSettings = {
				ALWAYS_SEARCH_USER_PATHS = NO;
				CLANG_ANALYZER_NONNULL = YES;
				CLANG_ANALYZER_NUMBER_OBJECT_CONVERSION = YES_AGGRESSIVE;
				CLANG_CXX_LANGUAGE_STANDARD = "gnu++17";
				CLANG_CXX_LIBRARY = "libc++";
				CLANG_ENABLE_MODULES = YES;
				CLANG_ENABLE_OBJC_ARC = YES;
				CLANG_ENABLE_OBJC_WEAK = YES;
				CLANG_WARN_BLOCK_CAPTURE_AUTORELEASING = YES;
				CLANG_WARN_BOOL_CONVERSION = YES;
				CLANG_WARN_COMMA = YES;
				CLANG_WARN_CONSTANT_CONVERSION = YES;
				CLANG_WARN_DEPRECATED_OBJC_IMPLEMENTATIONS = YES;
				CLANG_WARN_DIRECT_OBJC_ISA_USAGE = YES_ERROR;
				CLANG_WARN_DOCUMENTATION_COMMENTS = YES;
				CLANG_WARN_EMPTY_BODY = YES;
				CLANG_WARN_ENUM_CONVERSION = YES;
				CLANG_WARN_INFINITE_RECURSION = YES;
				CLANG_WARN_INT_CONVERSION = YES;
				CLANG_WARN_NON_LITERAL_NULL_CONVERSION = YES;
				CLANG_WARN_OBJC_IMPLICIT_RETAIN_SELF = YES;
				CLANG_WARN_OBJC_LITERAL_CONVERSION = YES;
				CLANG_WARN_OBJC_ROOT_CLASS = YES_ERROR;
				CLANG_WARN_QUOTED_INCLUDE_IN_FRAMEWORK_HEADER = YES;
				CLANG_WARN_RANGE_LOOP_ANALYSIS = YES;
				CLANG_WARN_STRICT_PROTOTYPES = YES;
				CLANG_WARN_SUSPICIOUS_MOVE = YES;
				CLANG_WARN_UNGUARDED_AVAILABILITY = YES_AGGRESSIVE;
				CLANG_WARN_UNREACHABLE_CODE = YES;
				CLANG_WARN__DUPLICATE_METHOD_MATCH = YES;
				COPY_PHASE_STRIP = NO;
				DEBUG_INFORMATION_FORMAT = dwarf;
				ENABLE_STRICT_OBJC_MSGSEND = YES;
				ENABLE_TESTABILITY = YES;
				GCC_C_LANGUAGE_STANDARD = gnu11;
				GCC_DYNAMIC_NO_PIC = NO;
				GCC_NO_COMMON_BLOCKS = YES;
				GCC_OPTIMIZATION_LEVEL = 0;
				GCC_PREPROCESSOR_DEFINITIONS = (
					"DEBUG=1",
					"$(inherited)",
				);
				GCC_WARN_64_TO_32_BIT_CONVERSION = YES;
				GCC_WARN_ABOUT_RETURN_TYPE = YES_ERROR;
				GCC_WARN_UNDECLARED_SELECTOR = YES;
				GCC_WARN_UNINITIALIZED_AUTOS = YES_AGGRESSIVE;
				GCC_WARN_UNUSED_FUNCTION = YES;
				GCC_WARN_UNUSED_VARIABLE = YES;
				IPHONEOS_DEPLOYMENT_TARGET = 15.0;
				MTL_ENABLE_DEBUG_INFO = INCLUDE_SOURCE;
				MTL_FAST_MATH = YES;
				ONLY_ACTIVE_ARCH = YES;
				SDKROOT = iphoneos;
				SWIFT_ACTIVE_COMPILATION_CONDITIONS = DEBUG;
				SWIFT_OPTIMIZATION_LEVEL = "-Onone";
			};
			name = Debug;
		};
		F918D6972B307812008F0CA2 /* Release */ = {
			isa = XCBuildConfiguration;
			buildSettings = {
				ALWAYS_SEARCH_USER_PATHS = NO;
				CLANG_ANALYZER_NONNULL = YES;
				CLANG_ANALYZER_NUMBER_OBJECT_CONVERSION = YES_AGGRESSIVE;
				CLANG_CXX_LANGUAGE_STANDARD = "gnu++17";
				CLANG_CXX_LIBRARY = "libc++";
				CLANG_ENABLE_MODULES = YES;
				CLANG_ENABLE_OBJC_ARC = YES;
				CLANG_ENABLE_OBJC_WEAK = YES;
				CLANG_WARN_BLOCK_CAPTURE_AUTORELEASING = YES;
				CLANG_WARN_BOOL_CONVERSION = YES;
				CLANG_WARN_COMMA = YES;
				CLANG_WARN_CONSTANT_CONVERSION = YES;
				CLANG_WARN_DEPRECATED_OBJC_IMPLEMENTATIONS = YES;
				CLANG_WARN_DIRECT_OBJC_ISA_USAGE = YES_ERROR;
				CLANG_WARN_DOCUMENTATION_COMMENTS = YES;
				CLANG_WARN_EMPTY_BODY = YES;
				CLANG_WARN_ENUM_CONVERSION = YES;
				CLANG_WARN_INFINITE_RECURSION = YES;
				CLANG_WARN_INT_CONVERSION = YES;
				CLANG_WARN_NON_LITERAL_NULL_CONVERSION = YES;
				CLANG_WARN_OBJC_IMPLICIT_RETAIN_SELF = YES;
				CLANG_WARN_OBJC_LITERAL_CONVERSION = YES;
				CLANG_WARN_OBJC_ROOT_CLASS = YES_ERROR;
				CLANG_WARN_QUOTED_INCLUDE_IN_FRAMEWORK_HEADER = YES;
				CLANG_WARN_RANGE_LOOP_ANALYSIS = YES;
				CLANG_WARN_STRICT_PROTOTYPES = YES;
				CLANG_WARN_SUSPICIOUS_MOVE = YES;
				CLANG_WARN_UNGUARDED_AVAILABILITY = YES_AGGRESSIVE;
				CLANG_WARN_UNREACHABLE_CODE = YES;
				CLANG_WARN__DUPLICATE_METHOD_MATCH = YES;
				COPY_PHASE_STRIP = NO;
				DEBUG_INFORMATION_FORMAT = "dwarf-with-dsym";
				ENABLE_NS_ASSERTIONS = NO;
				ENABLE_STRICT_OBJC_MSGSEND = YES;
				GCC_C_LANGUAGE_STANDARD = gnu11;
				GCC_NO_COMMON_BLOCKS = YES;
				GCC_WARN_64_TO_32_BIT_CONVERSION = YES;
				GCC_WARN_ABOUT_RETURN_TYPE = YES_ERROR;
				GCC_WARN_UNDECLARED_SELECTOR = YES;
				GCC_WARN_UNINITIALIZED_AUTOS = YES_AGGRESSIVE;
				GCC_WARN_UNUSED_FUNCTION = YES;
				GCC_WARN_UNUSED_VARIABLE = YES;
				IPHONEOS_DEPLOYMENT_TARGET = 15.0;
				MTL_ENABLE_DEBUG_INFO = NO;
				MTL_FAST_MATH = YES;
				SDKROOT = iphoneos;
				SWIFT_COMPILATION_MODE = wholemodule;
				SWIFT_OPTIMIZATION_LEVEL = "-O";
				VALIDATE_PRODUCT = YES;
			};
			name = Release;
		};
		F918D6992B307812008F0CA2 /* Debug */ = {
			isa = XCBuildConfiguration;
			buildSettings = {
				ASSETCATALOG_COMPILER_APPICON_NAME = AppIcon;
				ASSETCATALOG_COMPILER_GLOBAL_ACCENT_COLOR_NAME = AccentColor;
				CODE_SIGN_STYLE = Automatic;
				CURRENT_PROJECT_VERSION = 1;
				DEVELOPMENT_TEAM = 7E7WKW772Q;
				GENERATE_INFOPLIST_FILE = YES;
				INFOPLIST_FILE = Test/Info.plist;
				INFOPLIST_KEY_UIApplicationSupportsIndirectInputEvents = YES;
				INFOPLIST_KEY_UILaunchStoryboardName = LaunchScreen;
				INFOPLIST_KEY_UIMainStoryboardFile = Main;
				INFOPLIST_KEY_UISupportedInterfaceOrientations_iPad = "UIInterfaceOrientationPortrait UIInterfaceOrientationPortraitUpsideDown UIInterfaceOrientationLandscapeLeft UIInterfaceOrientationLandscapeRight";
				INFOPLIST_KEY_UISupportedInterfaceOrientations_iPhone = "UIInterfaceOrientationPortrait UIInterfaceOrientationLandscapeLeft UIInterfaceOrientationLandscapeRight";
				LD_RUNPATH_SEARCH_PATHS = (
					"$(inherited)",
					"@executable_path/Frameworks",
				);
				MARKETING_VERSION = 1.0;
				PRODUCT_BUNDLE_IDENTIFIER = com.taubman.spreo.Test;
				PRODUCT_NAME = "$(TARGET_NAME)";
				SWIFT_EMIT_LOC_STRINGS = YES;
				SWIFT_VERSION = 5.0;
				TARGETED_DEVICE_FAMILY = "1,2";
			};
			name = Debug;
		};
		F918D69A2B307812008F0CA2 /* Release */ = {
			isa = XCBuildConfiguration;
			buildSettings = {
				ASSETCATALOG_COMPILER_APPICON_NAME = AppIcon;
				ASSETCATALOG_COMPILER_GLOBAL_ACCENT_COLOR_NAME = AccentColor;
				CODE_SIGN_STYLE = Automatic;
				CURRENT_PROJECT_VERSION = 1;
				DEVELOPMENT_TEAM = 7E7WKW772Q;
				GENERATE_INFOPLIST_FILE = YES;
				INFOPLIST_FILE = Test/Info.plist;
				INFOPLIST_KEY_UIApplicationSupportsIndirectInputEvents = YES;
				INFOPLIST_KEY_UILaunchStoryboardName = LaunchScreen;
				INFOPLIST_KEY_UIMainStoryboardFile = Main;
				INFOPLIST_KEY_UISupportedInterfaceOrientations_iPad = "UIInterfaceOrientationPortrait UIInterfaceOrientationPortraitUpsideDown UIInterfaceOrientationLandscapeLeft UIInterfaceOrientationLandscapeRight";
				INFOPLIST_KEY_UISupportedInterfaceOrientations_iPhone = "UIInterfaceOrientationPortrait UIInterfaceOrientationLandscapeLeft UIInterfaceOrientationLandscapeRight";
				LD_RUNPATH_SEARCH_PATHS = (
					"$(inherited)",
					"@executable_path/Frameworks",
				);
				MARKETING_VERSION = 1.0;
				PRODUCT_BUNDLE_IDENTIFIER = com.taubman.spreo.Test;
				PRODUCT_NAME = "$(TARGET_NAME)";
				SWIFT_EMIT_LOC_STRINGS = YES;
				SWIFT_VERSION = 5.0;
				TARGETED_DEVICE_FAMILY = "1,2";
			};
			name = Release;
		};
		F918D69C2B307812008F0CA2 /* Debug */ = {
			isa = XCBuildConfiguration;
			buildSettings = {
				ALWAYS_EMBED_SWIFT_STANDARD_LIBRARIES = YES;
				BUNDLE_LOADER = "$(TEST_HOST)";
				CODE_SIGN_STYLE = Automatic;
				CURRENT_PROJECT_VERSION = 1;
				DEVELOPMENT_TEAM = 7E7WKW772Q;
				GENERATE_INFOPLIST_FILE = YES;
				IPHONEOS_DEPLOYMENT_TARGET = 15.0;
				LD_RUNPATH_SEARCH_PATHS = (
					"$(inherited)",
					"@executable_path/Frameworks",
					"@loader_path/Frameworks",
				);
				MARKETING_VERSION = 1.0;
				PRODUCT_BUNDLE_IDENTIFIER = com.taubman.spreo.TestTests;
				PRODUCT_NAME = "$(TARGET_NAME)";
				SWIFT_EMIT_LOC_STRINGS = NO;
				SWIFT_VERSION = 5.0;
				TARGETED_DEVICE_FAMILY = "1,2";
				TEST_HOST = "$(BUILT_PRODUCTS_DIR)/Test.app/Test";
			};
			name = Debug;
		};
		F918D69D2B307812008F0CA2 /* Release */ = {
			isa = XCBuildConfiguration;
			buildSettings = {
				ALWAYS_EMBED_SWIFT_STANDARD_LIBRARIES = YES;
				BUNDLE_LOADER = "$(TEST_HOST)";
				CODE_SIGN_STYLE = Automatic;
				CURRENT_PROJECT_VERSION = 1;
				DEVELOPMENT_TEAM = 7E7WKW772Q;
				GENERATE_INFOPLIST_FILE = YES;
				IPHONEOS_DEPLOYMENT_TARGET = 15.0;
				LD_RUNPATH_SEARCH_PATHS = (
					"$(inherited)",
					"@executable_path/Frameworks",
					"@loader_path/Frameworks",
				);
				MARKETING_VERSION = 1.0;
				PRODUCT_BUNDLE_IDENTIFIER = com.taubman.spreo.TestTests;
				PRODUCT_NAME = "$(TARGET_NAME)";
				SWIFT_EMIT_LOC_STRINGS = NO;
				SWIFT_VERSION = 5.0;
				TARGETED_DEVICE_FAMILY = "1,2";
				TEST_HOST = "$(BUILT_PRODUCTS_DIR)/Test.app/Test";
			};
			name = Release;
		};
		F918D69F2B307812008F0CA2 /* Debug */ = {
			isa = XCBuildConfiguration;
			buildSettings = {
				ALWAYS_EMBED_SWIFT_STANDARD_LIBRARIES = YES;
				CODE_SIGN_STYLE = Automatic;
				CURRENT_PROJECT_VERSION = 1;
				DEVELOPMENT_TEAM = 7E7WKW772Q;
				GENERATE_INFOPLIST_FILE = YES;
				LD_RUNPATH_SEARCH_PATHS = (
					"$(inherited)",
					"@executable_path/Frameworks",
					"@loader_path/Frameworks",
				);
				MARKETING_VERSION = 1.0;
				PRODUCT_BUNDLE_IDENTIFIER = com.taubman.spreo.TestUITests;
				PRODUCT_NAME = "$(TARGET_NAME)";
				SWIFT_EMIT_LOC_STRINGS = NO;
				SWIFT_VERSION = 5.0;
				TARGETED_DEVICE_FAMILY = "1,2";
				TEST_TARGET_NAME = Test;
			};
			name = Debug;
		};
		F918D6A02B307812008F0CA2 /* Release */ = {
			isa = XCBuildConfiguration;
			buildSettings = {
				ALWAYS_EMBED_SWIFT_STANDARD_LIBRARIES = YES;
				CODE_SIGN_STYLE = Automatic;
				CURRENT_PROJECT_VERSION = 1;
				DEVELOPMENT_TEAM = 7E7WKW772Q;
				GENERATE_INFOPLIST_FILE = YES;
				LD_RUNPATH_SEARCH_PATHS = (
					"$(inherited)",
					"@executable_path/Frameworks",
					"@loader_path/Frameworks",
				);
				MARKETING_VERSION = 1.0;
				PRODUCT_BUNDLE_IDENTIFIER = com.taubman.spreo.TestUITests;
				PRODUCT_NAME = "$(TARGET_NAME)";
				SWIFT_EMIT_LOC_STRINGS = NO;
				SWIFT_VERSION = 5.0;
				TARGETED_DEVICE_FAMILY = "1,2";
				TEST_TARGET_NAME = Test;
			};
			name = Release;
		};
/* End XCBuildConfiguration section */

/* Begin XCConfigurationList section */
		F918D6692B307810008F0CA2 /* Build configuration list for PBXProject "Test" */ = {
			isa = XCConfigurationList;
			buildConfigurations = (
				F918D6962B307812008F0CA2 /* Debug */,
				F918D6972B307812008F0CA2 /* Release */,
			);
			defaultConfigurationIsVisible = 0;
			defaultConfigurationName = Release;
		};
		F918D6982B307812008F0CA2 /* Build configuration list for PBXNativeTarget "Test" */ = {
			isa = XCConfigurationList;
			buildConfigurations = (
				F918D6992B307812008F0CA2 /* Debug */,
				F918D69A2B307812008F0CA2 /* Release */,
			);
			defaultConfigurationIsVisible = 0;
			defaultConfigurationName = Release;
		};
		F918D69B2B307812008F0CA2 /* Build configuration list for PBXNativeTarget "TestTests" */ = {
			isa = XCConfigurationList;
			buildConfigurations = (
				F918D69C2B307812008F0CA2 /* Debug */,
				F918D69D2B307812008F0CA2 /* Release */,
			);
			defaultConfigurationIsVisible = 0;
			defaultConfigurationName = Release;
		};
		F918D69E2B307812008F0CA2 /* Build configuration list for PBXNativeTarget "TestUITests" */ = {
			isa = XCConfigurationList;
			buildConfigurations = (
				F918D69F2B307812008F0CA2 /* Debug */,
				F918D6A02B307812008F0CA2 /* Release */,
			);
			defaultConfigurationIsVisible = 0;
			defaultConfigurationName = Release;
		};
/* End XCConfigurationList section */
	};
	rootObject = F918D6662B307810008F0CA2 /* Project object */;
}
